// !$*UTF8*$!
{
	archiveVersion = 1;
	classes = {
	};
	objectVersion = 77;
	objects = {

/* Begin PBXBuildFile section */
		4A152C512EE0B84C00E36618 /* Apollo in Frameworks */ = {isa = PBXBuildFile; productRef = 4A152C502EE0B84C00E36618 /* Apollo */; };
		4A152C682EE0BC8B00E36618 /* MockShopAPI in Frameworks */ = {isa = PBXBuildFile; productRef = 4A152C672EE0BC8B00E36618 /* MockShopAPI */; };
		4ACFB6A52E2C0448002F30FF /* ComposableArchitecture in Frameworks */ = {isa = PBXBuildFile; productRef = 4ACFB6A42E2C0448002F30FF /* ComposableArchitecture */; };
/* End PBXBuildFile section */

/* Begin PBXContainerItemProxy section */
		4A05C23E2E2A8DEA008C46BB /* PBXContainerItemProxy */ = {
			isa = PBXContainerItemProxy;
			containerPortal = 4A05C2242E2A8DE8008C46BB /* Project object */;
			proxyType = 1;
			remoteGlobalIDString = 4A05C22B2E2A8DE8008C46BB;
			remoteInfo = "SmartBuy-AI";
		};
		4A05C2482E2A8DEA008C46BB /* PBXContainerItemProxy */ = {
			isa = PBXContainerItemProxy;
			containerPortal = 4A05C2242E2A8DE8008C46BB /* Project object */;
			proxyType = 1;
			remoteGlobalIDString = 4A05C22B2E2A8DE8008C46BB;
			remoteInfo = "SmartBuy-AI";
		};
/* End PBXContainerItemProxy section */

/* Begin PBXFileReference section */
		4A05C22C2E2A8DE8008C46BB /* SmartBuy-AI.app */ = {isa = PBXFileReference; explicitFileType = wrapper.application; includeInIndex = 0; path = "SmartBuy-AI.app"; sourceTree = BUILT_PRODUCTS_DIR; };
		4A05C23D2E2A8DEA008C46BB /* SmartBuy-AITests.xctest */ = {isa = PBXFileReference; explicitFileType = wrapper.cfbundle; includeInIndex = 0; path = "SmartBuy-AITests.xctest"; sourceTree = BUILT_PRODUCTS_DIR; };
		4A05C2472E2A8DEA008C46BB /* SmartBuy-AIUITests.xctest */ = {isa = PBXFileReference; explicitFileType = wrapper.cfbundle; includeInIndex = 0; path = "SmartBuy-AIUITests.xctest"; sourceTree = BUILT_PRODUCTS_DIR; };
/* End PBXFileReference section */

/* Begin PBXFileSystemSynchronizedBuildFileExceptionSet section */
		4A775F932E2AAD8000650483 /* Exceptions for "SmartBuy-AI" folder in "SmartBuy-AI" target */ = {
			isa = PBXFileSystemSynchronizedBuildFileExceptionSet;
			membershipExceptions = (
				Debug.xcconfig,
				Info.plist,
			);
			target = 4A05C22B2E2A8DE8008C46BB /* SmartBuy-AI */;
		};
/* End PBXFileSystemSynchronizedBuildFileExceptionSet section */

/* Begin PBXFileSystemSynchronizedRootGroup section */
		4A05C22E2E2A8DE8008C46BB /* SmartBuy-AI */ = {
			isa = PBXFileSystemSynchronizedRootGroup;
			exceptions = (
				4A775F932E2AAD8000650483 /* Exceptions for "SmartBuy-AI" folder in "SmartBuy-AI" target */,
			);
			path = "SmartBuy-AI";
			sourceTree = "<group>";
		};
		4A05C2402E2A8DEA008C46BB /* SmartBuy-AITests */ = {
			isa = PBXFileSystemSynchronizedRootGroup;
			path = "SmartBuy-AITests";
			sourceTree = "<group>";
		};
		4A05C24A2E2A8DEA008C46BB /* SmartBuy-AIUITests */ = {
			isa = PBXFileSystemSynchronizedRootGroup;
			path = "SmartBuy-AIUITests";
			sourceTree = "<group>";
		};
		4A152C532EE0B92C00E36618 /* graphql */ = {
			isa = PBXFileSystemSynchronizedRootGroup;
			path = graphql;
			sourceTree = "<group>";
		};
/* End PBXFileSystemSynchronizedRootGroup section */

/* Begin PBXFrameworksBuildPhase section */
		4A05C2292E2A8DE8008C46BB /* Frameworks */ = {
			isa = PBXFrameworksBuildPhase;
			buildActionMask = 2147483647;
			files = (
				4ACFB6A52E2C0448002F30FF /* ComposableArchitecture in Frameworks */,
				4A152C512EE0B84C00E36618 /* Apollo in Frameworks */,
				4A152C682EE0BC8B00E36618 /* MockShopAPI in Frameworks */,
			);
			runOnlyForDeploymentPostprocessing = 0;
		};
		4A05C23A2E2A8DEA008C46BB /* Frameworks */ = {
			isa = PBXFrameworksBuildPhase;
			buildActionMask = 2147483647;
			files = (
			);
			runOnlyForDeploymentPostprocessing = 0;
		};
		4A05C2442E2A8DEA008C46BB /* Frameworks */ = {
			isa = PBXFrameworksBuildPhase;
			buildActionMask = 2147483647;
			files = (
			);
			runOnlyForDeploymentPostprocessing = 0;
		};
/* End PBXFrameworksBuildPhase section */

/* Begin PBXGroup section */
		4A05C2232E2A8DE8008C46BB = {
			isa = PBXGroup;
			children = (
				4A05C22E2E2A8DE8008C46BB /* SmartBuy-AI */,
				4A05C2402E2A8DEA008C46BB /* SmartBuy-AITests */,
				4A05C24A2E2A8DEA008C46BB /* SmartBuy-AIUITests */,
				4A05C22D2E2A8DE8008C46BB /* Products */,
				4A152C532EE0B92C00E36618 /* graphql */,
			);
			sourceTree = "<group>";
		};
		4A05C22D2E2A8DE8008C46BB /* Products */ = {
			isa = PBXGroup;
			children = (
				4A05C22C2E2A8DE8008C46BB /* SmartBuy-AI.app */,
				4A05C23D2E2A8DEA008C46BB /* SmartBuy-AITests.xctest */,
				4A05C2472E2A8DEA008C46BB /* SmartBuy-AIUITests.xctest */,
			);
			name = Products;
			sourceTree = "<group>";
		};
/* End PBXGroup section */

/* Begin PBXNativeTarget section */
		4A05C22B2E2A8DE8008C46BB /* SmartBuy-AI */ = {
			isa = PBXNativeTarget;
			buildConfigurationList = 4A05C2512E2A8DEA008C46BB /* Build configuration list for PBXNativeTarget "SmartBuy-AI" */;
			buildPhases = (
				4A05C2282E2A8DE8008C46BB /* Sources */,
				4A05C2292E2A8DE8008C46BB /* Frameworks */,
				4A05C22A2E2A8DE8008C46BB /* Resources */,
			);
			buildRules = (
			);
			dependencies = (
			);
			fileSystemSynchronizedGroups = (
				4A05C22E2E2A8DE8008C46BB /* SmartBuy-AI */,
				4A152C532EE0B92C00E36618 /* graphql */,
			);
			name = "SmartBuy-AI";
			packageProductDependencies = (
				4ACFB6A42E2C0448002F30FF /* ComposableArchitecture */,
				4A152C502EE0B84C00E36618 /* Apollo */,
				4A152C672EE0BC8B00E36618 /* MockShopAPI */,
			);
			productName = "SmartBuy-AI";
			productReference = 4A05C22C2E2A8DE8008C46BB /* SmartBuy-AI.app */;
			productType = "com.apple.product-type.application";
		};
		4A05C23C2E2A8DEA008C46BB /* SmartBuy-AITests */ = {
			isa = PBXNativeTarget;
			buildConfigurationList = 4A05C2542E2A8DEA008C46BB /* Build configuration list for PBXNativeTarget "SmartBuy-AITests" */;
			buildPhases = (
				4A05C2392E2A8DEA008C46BB /* Sources */,
				4A05C23A2E2A8DEA008C46BB /* Frameworks */,
				4A05C23B2E2A8DEA008C46BB /* Resources */,
			);
			buildRules = (
			);
			dependencies = (
				4A05C23F2E2A8DEA008C46BB /* PBXTargetDependency */,
			);
			fileSystemSynchronizedGroups = (
				4A05C2402E2A8DEA008C46BB /* SmartBuy-AITests */,
			);
			name = "SmartBuy-AITests";
			packageProductDependencies = (
			);
			productName = "SmartBuy-AITests";
			productReference = 4A05C23D2E2A8DEA008C46BB /* SmartBuy-AITests.xctest */;
			productType = "com.apple.product-type.bundle.unit-test";
		};
		4A05C2462E2A8DEA008C46BB /* SmartBuy-AIUITests */ = {
			isa = PBXNativeTarget;
			buildConfigurationList = 4A05C2572E2A8DEA008C46BB /* Build configuration list for PBXNativeTarget "SmartBuy-AIUITests" */;
			buildPhases = (
				4A05C2432E2A8DEA008C46BB /* Sources */,
				4A05C2442E2A8DEA008C46BB /* Frameworks */,
				4A05C2452E2A8DEA008C46BB /* Resources */,
			);
			buildRules = (
			);
			dependencies = (
				4A05C2492E2A8DEA008C46BB /* PBXTargetDependency */,
			);
			fileSystemSynchronizedGroups = (
				4A05C24A2E2A8DEA008C46BB /* SmartBuy-AIUITests */,
			);
			name = "SmartBuy-AIUITests";
			packageProductDependencies = (
			);
			productName = "SmartBuy-AIUITests";
			productReference = 4A05C2472E2A8DEA008C46BB /* SmartBuy-AIUITests.xctest */;
			productType = "com.apple.product-type.bundle.ui-testing";
		};
/* End PBXNativeTarget section */

/* Begin PBXProject section */
		4A05C2242E2A8DE8008C46BB /* Project object */ = {
			isa = PBXProject;
			attributes = {
				BuildIndependentTargetsInParallel = 1;
				LastSwiftUpdateCheck = 1600;
				LastUpgradeCheck = 2610;
				TargetAttributes = {
					4A05C22B2E2A8DE8008C46BB = {
						CreatedOnToolsVersion = 16.0;
					};
					4A05C23C2E2A8DEA008C46BB = {
						CreatedOnToolsVersion = 16.0;
						TestTargetID = 4A05C22B2E2A8DE8008C46BB;
					};
					4A05C2462E2A8DEA008C46BB = {
						CreatedOnToolsVersion = 16.0;
						TestTargetID = 4A05C22B2E2A8DE8008C46BB;
					};
				};
			};
			buildConfigurationList = 4A05C2272E2A8DE8008C46BB /* Build configuration list for PBXProject "SmartBuy-AI" */;
			developmentRegion = en;
			hasScannedForEncodings = 0;
			knownRegions = (
				en,
				Base,
			);
			mainGroup = 4A05C2232E2A8DE8008C46BB;
			minimizedProjectReferenceProxies = 1;
			packageReferences = (
				4A775F982E2AC56400650483 /* XCRemoteSwiftPackageReference "swift-composable-architecture" */,
				4A152C4F2EE0B84C00E36618 /* XCRemoteSwiftPackageReference "apollo-ios" */,
				4A152C662EE0BC8B00E36618 /* XCLocalSwiftPackageReference "MockShopAPI" */,
			);
			preferredProjectObjectVersion = 77;
			productRefGroup = 4A05C22D2E2A8DE8008C46BB /* Products */;
			projectDirPath = "";
			projectRoot = "";
			targets = (
				4A05C22B2E2A8DE8008C46BB /* SmartBuy-AI */,
				4A05C23C2E2A8DEA008C46BB /* SmartBuy-AITests */,
				4A05C2462E2A8DEA008C46BB /* SmartBuy-AIUITests */,
			);
		};
/* End PBXProject section */

/* Begin PBXResourcesBuildPhase section */
		4A05C22A2E2A8DE8008C46BB /* Resources */ = {
			isa = PBXResourcesBuildPhase;
			buildActionMask = 2147483647;
			files = (
			);
			runOnlyForDeploymentPostprocessing = 0;
		};
		4A05C23B2E2A8DEA008C46BB /* Resources */ = {
			isa = PBXResourcesBuildPhase;
			buildActionMask = 2147483647;
			files = (
			);
			runOnlyForDeploymentPostprocessing = 0;
		};
		4A05C2452E2A8DEA008C46BB /* Resources */ = {
			isa = PBXResourcesBuildPhase;
			buildActionMask = 2147483647;
			files = (
			);
			runOnlyForDeploymentPostprocessing = 0;
		};
/* End PBXResourcesBuildPhase section */

/* Begin PBXSourcesBuildPhase section */
		4A05C2282E2A8DE8008C46BB /* Sources */ = {
			isa = PBXSourcesBuildPhase;
			buildActionMask = 2147483647;
			files = (
			);
			runOnlyForDeploymentPostprocessing = 0;
		};
		4A05C2392E2A8DEA008C46BB /* Sources */ = {
			isa = PBXSourcesBuildPhase;
			buildActionMask = 2147483647;
			files = (
			);
			runOnlyForDeploymentPostprocessing = 0;
		};
		4A05C2432E2A8DEA008C46BB /* Sources */ = {
			isa = PBXSourcesBuildPhase;
			buildActionMask = 2147483647;
			files = (
			);
			runOnlyForDeploymentPostprocessing = 0;
		};
/* End PBXSourcesBuildPhase section */

/* Begin PBXTargetDependency section */
		4A05C23F2E2A8DEA008C46BB /* PBXTargetDependency */ = {
			isa = PBXTargetDependency;
			target = 4A05C22B2E2A8DE8008C46BB /* SmartBuy-AI */;
			targetProxy = 4A05C23E2E2A8DEA008C46BB /* PBXContainerItemProxy */;
		};
		4A05C2492E2A8DEA008C46BB /* PBXTargetDependency */ = {
			isa = PBXTargetDependency;
			target = 4A05C22B2E2A8DE8008C46BB /* SmartBuy-AI */;
			targetProxy = 4A05C2482E2A8DEA008C46BB /* PBXContainerItemProxy */;
		};
/* End PBXTargetDependency section */

/* Begin XCBuildConfiguration section */
		4A05C24F2E2A8DEA008C46BB /* Debug */ = {
			isa = XCBuildConfiguration;
			baseConfigurationReferenceAnchor = 4A05C22E2E2A8DE8008C46BB /* SmartBuy-AI */;
			baseConfigurationReferenceRelativePath = Debug.xcconfig;
			buildSettings = {
				ALWAYS_SEARCH_USER_PATHS = NO;
				ASSETCATALOG_COMPILER_GENERATE_SWIFT_ASSET_SYMBOL_EXTENSIONS = YES;
				CLANG_ANALYZER_NONNULL = YES;
				CLANG_ANALYZER_NUMBER_OBJECT_CONVERSION = YES_AGGRESSIVE;
				CLANG_CXX_LANGUAGE_STANDARD = "gnu++20";
				CLANG_ENABLE_MODULES = YES;
				CLANG_ENABLE_OBJC_ARC = YES;
				CLANG_ENABLE_OBJC_WEAK = YES;
				CLANG_WARN_BLOCK_CAPTURE_AUTORELEASING = YES;
				CLANG_WARN_BOOL_CONVERSION = YES;
				CLANG_WARN_COMMA = YES;
				CLANG_WARN_CONSTANT_CONVERSION = YES;
				CLANG_WARN_DEPRECATED_OBJC_IMPLEMENTATIONS = YES;
				CLANG_WARN_DIRECT_OBJC_ISA_USAGE = YES_ERROR;
				CLANG_WARN_DOCUMENTATION_COMMENTS = YES;
				CLANG_WARN_EMPTY_BODY = YES;
				CLANG_WARN_ENUM_CONVERSION = YES;
				CLANG_WARN_INFINITE_RECURSION = YES;
				CLANG_WARN_INT_CONVERSION = YES;
				CLANG_WARN_NON_LITERAL_NULL_CONVERSION = YES;
				CLANG_WARN_OBJC_IMPLICIT_RETAIN_SELF = YES;
				CLANG_WARN_OBJC_LITERAL_CONVERSION = YES;
				CLANG_WARN_OBJC_ROOT_CLASS = YES_ERROR;
				CLANG_WARN_QUOTED_INCLUDE_IN_FRAMEWORK_HEADER = YES;
				CLANG_WARN_RANGE_LOOP_ANALYSIS = YES;
				CLANG_WARN_STRICT_PROTOTYPES = YES;
				CLANG_WARN_SUSPICIOUS_MOVE = YES;
				CLANG_WARN_UNGUARDED_AVAILABILITY = YES_AGGRESSIVE;
				CLANG_WARN_UNREACHABLE_CODE = YES;
				CLANG_WARN__DUPLICATE_METHOD_MATCH = YES;
				COPY_PHASE_STRIP = NO;
				DEAD_CODE_STRIPPING = YES;
				DEBUG_INFORMATION_FORMAT = dwarf;
				DEVELOPMENT_TEAM = J4Y2XYQJ58;
				ENABLE_STRICT_OBJC_MSGSEND = YES;
				ENABLE_TESTABILITY = YES;
				ENABLE_USER_SCRIPT_SANDBOXING = YES;
				GCC_C_LANGUAGE_STANDARD = gnu17;
				GCC_DYNAMIC_NO_PIC = NO;
				GCC_NO_COMMON_BLOCKS = YES;
				GCC_OPTIMIZATION_LEVEL = 0;
				GCC_PREPROCESSOR_DEFINITIONS = (
					"DEBUG=1",
					"$(inherited)",
				);
				GCC_WARN_64_TO_32_BIT_CONVERSION = YES;
				GCC_WARN_ABOUT_RETURN_TYPE = YES_ERROR;
				GCC_WARN_UNDECLARED_SELECTOR = YES;
				GCC_WARN_UNINITIALIZED_AUTOS = YES_AGGRESSIVE;
				GCC_WARN_UNUSED_FUNCTION = YES;
				GCC_WARN_UNUSED_VARIABLE = YES;
				LOCALIZATION_PREFERS_STRING_CATALOGS = YES;
				MTL_ENABLE_DEBUG_INFO = INCLUDE_SOURCE;
				MTL_FAST_MATH = YES;
				ONLY_ACTIVE_ARCH = YES;
				STRING_CATALOG_GENERATE_SYMBOLS = YES;
				SWIFT_ACTIVE_COMPILATION_CONDITIONS = "DEBUG $(inherited)";
				SWIFT_OPTIMIZATION_LEVEL = "-Onone";
			};
			name = Debug;
		};
		4A05C2502E2A8DEA008C46BB /* Release */ = {
			isa = XCBuildConfiguration;
			baseConfigurationReferenceAnchor = 4A05C22E2E2A8DE8008C46BB /* SmartBuy-AI */;
			baseConfigurationReferenceRelativePath = Debug.xcconfig;
			buildSettings = {
				ALWAYS_SEARCH_USER_PATHS = NO;
				ASSETCATALOG_COMPILER_GENERATE_SWIFT_ASSET_SYMBOL_EXTENSIONS = YES;
				CLANG_ANALYZER_NONNULL = YES;
				CLANG_ANALYZER_NUMBER_OBJECT_CONVERSION = YES_AGGRESSIVE;
				CLANG_CXX_LANGUAGE_STANDARD = "gnu++20";
				CLANG_ENABLE_MODULES = YES;
				CLANG_ENABLE_OBJC_ARC = YES;
				CLANG_ENABLE_OBJC_WEAK = YES;
				CLANG_WARN_BLOCK_CAPTURE_AUTORELEASING = YES;
				CLANG_WARN_BOOL_CONVERSION = YES;
				CLANG_WARN_COMMA = YES;
				CLANG_WARN_CONSTANT_CONVERSION = YES;
				CLANG_WARN_DEPRECATED_OBJC_IMPLEMENTATIONS = YES;
				CLANG_WARN_DIRECT_OBJC_ISA_USAGE = YES_ERROR;
				CLANG_WARN_DOCUMENTATION_COMMENTS = YES;
				CLANG_WARN_EMPTY_BODY = YES;
				CLANG_WARN_ENUM_CONVERSION = YES;
				CLANG_WARN_INFINITE_RECURSION = YES;
				CLANG_WARN_INT_CONVERSION = YES;
				CLANG_WARN_NON_LITERAL_NULL_CONVERSION = YES;
				CLANG_WARN_OBJC_IMPLICIT_RETAIN_SELF = YES;
				CLANG_WARN_OBJC_LITERAL_CONVERSION = YES;
				CLANG_WARN_OBJC_ROOT_CLASS = YES_ERROR;
				CLANG_WARN_QUOTED_INCLUDE_IN_FRAMEWORK_HEADER = YES;
				CLANG_WARN_RANGE_LOOP_ANALYSIS = YES;
				CLANG_WARN_STRICT_PROTOTYPES = YES;
				CLANG_WARN_SUSPICIOUS_MOVE = YES;
				CLANG_WARN_UNGUARDED_AVAILABILITY = YES_AGGRESSIVE;
				CLANG_WARN_UNREACHABLE_CODE = YES;
				CLANG_WARN__DUPLICATE_METHOD_MATCH = YES;
				COPY_PHASE_STRIP = NO;
				DEAD_CODE_STRIPPING = YES;
				DEBUG_INFORMATION_FORMAT = "dwarf-with-dsym";
				DEVELOPMENT_TEAM = J4Y2XYQJ58;
				ENABLE_NS_ASSERTIONS = NO;
				ENABLE_STRICT_OBJC_MSGSEND = YES;
				ENABLE_USER_SCRIPT_SANDBOXING = YES;
				GCC_C_LANGUAGE_STANDARD = gnu17;
				GCC_NO_COMMON_BLOCKS = YES;
				GCC_WARN_64_TO_32_BIT_CONVERSION = YES;
				GCC_WARN_ABOUT_RETURN_TYPE = YES_ERROR;
				GCC_WARN_UNDECLARED_SELECTOR = YES;
				GCC_WARN_UNINITIALIZED_AUTOS = YES_AGGRESSIVE;
				GCC_WARN_UNUSED_FUNCTION = YES;
				GCC_WARN_UNUSED_VARIABLE = YES;
				LOCALIZATION_PREFERS_STRING_CATALOGS = YES;
				MTL_ENABLE_DEBUG_INFO = NO;
				MTL_FAST_MATH = YES;
				STRING_CATALOG_GENERATE_SYMBOLS = YES;
				SWIFT_COMPILATION_MODE = wholemodule;
			};
			name = Release;
		};
		4A05C2522E2A8DEA008C46BB /* Debug */ = {
			isa = XCBuildConfiguration;
			baseConfigurationReferenceAnchor = 4A05C22E2E2A8DE8008C46BB /* SmartBuy-AI */;
			baseConfigurationReferenceRelativePath = Debug.xcconfig;
			buildSettings = {
				ASSETCATALOG_COMPILER_APPICON_NAME = AppIcon;
				ASSETCATALOG_COMPILER_GLOBAL_ACCENT_COLOR_NAME = AccentColor;
				CODE_SIGN_ENTITLEMENTS = "SmartBuy-AI/SmartBuy_AI.entitlements";
				CODE_SIGN_STYLE = Automatic;
				CURRENT_PROJECT_VERSION = 1;
				DEAD_CODE_STRIPPING = YES;
				DEVELOPMENT_ASSET_PATHS = "\"SmartBuy-AI/Preview Content\"";
				ENABLE_APP_SANDBOX = YES;
				ENABLE_HARDENED_RUNTIME = YES;
				ENABLE_PREVIEWS = YES;
				ENABLE_USER_SELECTED_FILES = readonly;
				GENERATE_INFOPLIST_FILE = YES;
				INFOPLIST_FILE = "SmartBuy-AI/Info.plist";
				"INFOPLIST_KEY_UIApplicationSceneManifest_Generation[sdk=iphoneos*]" = YES;
				"INFOPLIST_KEY_UIApplicationSceneManifest_Generation[sdk=iphonesimulator*]" = YES;
				"INFOPLIST_KEY_UIApplicationSupportsIndirectInputEvents[sdk=iphoneos*]" = YES;
				"INFOPLIST_KEY_UIApplicationSupportsIndirectInputEvents[sdk=iphonesimulator*]" = YES;
				"INFOPLIST_KEY_UILaunchScreen_Generation[sdk=iphoneos*]" = YES;
				"INFOPLIST_KEY_UILaunchScreen_Generation[sdk=iphonesimulator*]" = YES;
				"INFOPLIST_KEY_UIStatusBarStyle[sdk=iphoneos*]" = UIStatusBarStyleDefault;
				"INFOPLIST_KEY_UIStatusBarStyle[sdk=iphonesimulator*]" = UIStatusBarStyleDefault;
				INFOPLIST_KEY_UISupportedInterfaceOrientations_iPad = "UIInterfaceOrientationPortrait UIInterfaceOrientationPortraitUpsideDown UIInterfaceOrientationLandscapeLeft UIInterfaceOrientationLandscapeRight";
				INFOPLIST_KEY_UISupportedInterfaceOrientations_iPhone = "UIInterfaceOrientationPortrait UIInterfaceOrientationLandscapeLeft UIInterfaceOrientationLandscapeRight";
				IPHONEOS_DEPLOYMENT_TARGET = 18.0;
				LD_RUNPATH_SEARCH_PATHS = "@executable_path/Frameworks";
				"LD_RUNPATH_SEARCH_PATHS[sdk=macosx*]" = "@executable_path/../Frameworks";
				MACOSX_DEPLOYMENT_TARGET = 15.0;
				MARKETING_VERSION = 1.0;
				PRODUCT_BUNDLE_IDENTIFIER = "com.camilo.SmartBuy-AI";
				PRODUCT_NAME = "$(TARGET_NAME)";
				SDKROOT = auto;
				SUPPORTED_PLATFORMS = "iphoneos iphonesimulator macosx xros xrsimulator";
				SWIFT_EMIT_LOC_STRINGS = YES;
				SWIFT_VERSION = 5.0;
				TARGETED_DEVICE_FAMILY = "1,2,7";
				XROS_DEPLOYMENT_TARGET = 2.0;
			};
			name = Debug;
		};
		4A05C2532E2A8DEA008C46BB /* Release */ = {
			isa = XCBuildConfiguration;
			baseConfigurationReferenceAnchor = 4A05C22E2E2A8DE8008C46BB /* SmartBuy-AI */;
			baseConfigurationReferenceRelativePath = Debug.xcconfig;
			buildSettings = {
				ASSETCATALOG_COMPILER_APPICON_NAME = AppIcon;
				ASSETCATALOG_COMPILER_GLOBAL_ACCENT_COLOR_NAME = AccentColor;
				CODE_SIGN_ENTITLEMENTS = "SmartBuy-AI/SmartBuy_AI.entitlements";
				CODE_SIGN_STYLE = Automatic;
				CURRENT_PROJECT_VERSION = 1;
				DEAD_CODE_STRIPPING = YES;
				DEVELOPMENT_ASSET_PATHS = "\"SmartBuy-AI/Preview Content\"";
				ENABLE_APP_SANDBOX = YES;
				ENABLE_HARDENED_RUNTIME = YES;
				ENABLE_PREVIEWS = YES;
				ENABLE_USER_SELECTED_FILES = readonly;
				GENERATE_INFOPLIST_FILE = YES;
				INFOPLIST_FILE = "SmartBuy-AI/Info.plist";
				"INFOPLIST_KEY_UIApplicationSceneManifest_Generation[sdk=iphoneos*]" = YES;
				"INFOPLIST_KEY_UIApplicationSceneManifest_Generation[sdk=iphonesimulator*]" = YES;
				"INFOPLIST_KEY_UIApplicationSupportsIndirectInputEvents[sdk=iphoneos*]" = YES;
				"INFOPLIST_KEY_UIApplicationSupportsIndirectInputEvents[sdk=iphonesimulator*]" = YES;
				"INFOPLIST_KEY_UILaunchScreen_Generation[sdk=iphoneos*]" = YES;
				"INFOPLIST_KEY_UILaunchScreen_Generation[sdk=iphonesimulator*]" = YES;
				"INFOPLIST_KEY_UIStatusBarStyle[sdk=iphoneos*]" = UIStatusBarStyleDefault;
				"INFOPLIST_KEY_UIStatusBarStyle[sdk=iphonesimulator*]" = UIStatusBarStyleDefault;
				INFOPLIST_KEY_UISupportedInterfaceOrientations_iPad = "UIInterfaceOrientationPortrait UIInterfaceOrientationPortraitUpsideDown UIInterfaceOrientationLandscapeLeft UIInterfaceOrientationLandscapeRight";
				INFOPLIST_KEY_UISupportedInterfaceOrientations_iPhone = "UIInterfaceOrientationPortrait UIInterfaceOrientationLandscapeLeft UIInterfaceOrientationLandscapeRight";
				IPHONEOS_DEPLOYMENT_TARGET = 18.0;
				LD_RUNPATH_SEARCH_PATHS = "@executable_path/Frameworks";
				"LD_RUNPATH_SEARCH_PATHS[sdk=macosx*]" = "@executable_path/../Frameworks";
				MACOSX_DEPLOYMENT_TARGET = 15.0;
				MARKETING_VERSION = 1.0;
				PRODUCT_BUNDLE_IDENTIFIER = "com.camilo.SmartBuy-AI";
				PRODUCT_NAME = "$(TARGET_NAME)";
				SDKROOT = auto;
				SUPPORTED_PLATFORMS = "iphoneos iphonesimulator macosx xros xrsimulator";
				SWIFT_EMIT_LOC_STRINGS = YES;
				SWIFT_VERSION = 5.0;
				TARGETED_DEVICE_FAMILY = "1,2,7";
				XROS_DEPLOYMENT_TARGET = 2.0;
			};
			name = Release;
		};
		4A05C2552E2A8DEA008C46BB /* Debug */ = {
			isa = XCBuildConfiguration;
			baseConfigurationReferenceAnchor = 4A05C22E2E2A8DE8008C46BB /* SmartBuy-AI */;
			baseConfigurationReferenceRelativePath = Debug.xcconfig;
			buildSettings = {
				BUNDLE_LOADER = "$(TEST_HOST)";
				CODE_SIGN_STYLE = Automatic;
				CURRENT_PROJECT_VERSION = 1;
				DEAD_CODE_STRIPPING = YES;
				GENERATE_INFOPLIST_FILE = YES;
				IPHONEOS_DEPLOYMENT_TARGET = 18.0;
				MACOSX_DEPLOYMENT_TARGET = 15.0;
				MARKETING_VERSION = 1.0;
				PRODUCT_BUNDLE_IDENTIFIER = "com.camilo.SmartBuy-AITests";
				PRODUCT_NAME = "$(TARGET_NAME)";
				SDKROOT = auto;
				SUPPORTED_PLATFORMS = "iphoneos iphonesimulator macosx xros xrsimulator";
				SWIFT_EMIT_LOC_STRINGS = NO;
				SWIFT_VERSION = 5.0;
				TARGETED_DEVICE_FAMILY = "1,2,7";
				TEST_HOST = "$(BUILT_PRODUCTS_DIR)/SmartBuy-AI.app/$(BUNDLE_EXECUTABLE_FOLDER_PATH)/SmartBuy-AI";
				XROS_DEPLOYMENT_TARGET = 2.0;
			};
			name = Debug;
		};
		4A05C2562E2A8DEA008C46BB /* Release */ = {
			isa = XCBuildConfiguration;
			baseConfigurationReferenceAnchor = 4A05C22E2E2A8DE8008C46BB /* SmartBuy-AI */;
			baseConfigurationReferenceRelativePath = Debug.xcconfig;
			buildSettings = {
				BUNDLE_LOADER = "$(TEST_HOST)";
				CODE_SIGN_STYLE = Automatic;
				CURRENT_PROJECT_VERSION = 1;
				DEAD_CODE_STRIPPING = YES;
				GENERATE_INFOPLIST_FILE = YES;
				IPHONEOS_DEPLOYMENT_TARGET = 18.0;
				MACOSX_DEPLOYMENT_TARGET = 15.0;
				MARKETING_VERSION = 1.0;
				PRODUCT_BUNDLE_IDENTIFIER = "com.camilo.SmartBuy-AITests";
				PRODUCT_NAME = "$(TARGET_NAME)";
				SDKROOT = auto;
				SUPPORTED_PLATFORMS = "iphoneos iphonesimulator macosx xros xrsimulator";
				SWIFT_EMIT_LOC_STRINGS = NO;
				SWIFT_VERSION = 5.0;
				TARGETED_DEVICE_FAMILY = "1,2,7";
				TEST_HOST = "$(BUILT_PRODUCTS_DIR)/SmartBuy-AI.app/$(BUNDLE_EXECUTABLE_FOLDER_PATH)/SmartBuy-AI";
				XROS_DEPLOYMENT_TARGET = 2.0;
			};
			name = Release;
		};
		4A05C2582E2A8DEA008C46BB /* Debug */ = {
			isa = XCBuildConfiguration;
			baseConfigurationReferenceAnchor = 4A05C22E2E2A8DE8008C46BB /* SmartBuy-AI */;
			baseConfigurationReferenceRelativePath = Debug.xcconfig;
			buildSettings = {
				CODE_SIGN_STYLE = Automatic;
				CURRENT_PROJECT_VERSION = 1;
				DEAD_CODE_STRIPPING = YES;
				GENERATE_INFOPLIST_FILE = YES;
				IPHONEOS_DEPLOYMENT_TARGET = 18.0;
				MACOSX_DEPLOYMENT_TARGET = 15.0;
				MARKETING_VERSION = 1.0;
				PRODUCT_BUNDLE_IDENTIFIER = "com.camilo.SmartBuy-AIUITests";
				PRODUCT_NAME = "$(TARGET_NAME)";
				SDKROOT = auto;
				SUPPORTED_PLATFORMS = "iphoneos iphonesimulator macosx xros xrsimulator";
				SWIFT_EMIT_LOC_STRINGS = NO;
				SWIFT_VERSION = 5.0;
				TARGETED_DEVICE_FAMILY = "1,2,7";
				TEST_TARGET_NAME = "SmartBuy-AI";
				XROS_DEPLOYMENT_TARGET = 2.0;
			};
			name = Debug;
		};
		4A05C2592E2A8DEA008C46BB /* Release */ = {
			isa = XCBuildConfiguration;
			baseConfigurationReferenceAnchor = 4A05C22E2E2A8DE8008C46BB /* SmartBuy-AI */;
			baseConfigurationReferenceRelativePath = Debug.xcconfig;
			buildSettings = {
				CODE_SIGN_STYLE = Automatic;
				CURRENT_PROJECT_VERSION = 1;
				DEAD_CODE_STRIPPING = YES;
				GENERATE_INFOPLIST_FILE = YES;
				IPHONEOS_DEPLOYMENT_TARGET = 18.0;
				MACOSX_DEPLOYMENT_TARGET = 15.0;
				MARKETING_VERSION = 1.0;
				PRODUCT_BUNDLE_IDENTIFIER = "com.camilo.SmartBuy-AIUITests";
				PRODUCT_NAME = "$(TARGET_NAME)";
				SDKROOT = auto;
				SUPPORTED_PLATFORMS = "iphoneos iphonesimulator macosx xros xrsimulator";
				SWIFT_EMIT_LOC_STRINGS = NO;
				SWIFT_VERSION = 5.0;
				TARGETED_DEVICE_FAMILY = "1,2,7";
				TEST_TARGET_NAME = "SmartBuy-AI";
				XROS_DEPLOYMENT_TARGET = 2.0;
			};
			name = Release;
		};
/* End XCBuildConfiguration section */

/* Begin XCConfigurationList section */
		4A05C2272E2A8DE8008C46BB /* Build configuration list for PBXProject "SmartBuy-AI" */ = {
			isa = XCConfigurationList;
			buildConfigurations = (
				4A05C24F2E2A8DEA008C46BB /* Debug */,
				4A05C2502E2A8DEA008C46BB /* Release */,
			);
			defaultConfigurationIsVisible = 0;
			defaultConfigurationName = Release;
		};
		4A05C2512E2A8DEA008C46BB /* Build configuration list for PBXNativeTarget "SmartBuy-AI" */ = {
			isa = XCConfigurationList;
			buildConfigurations = (
				4A05C2522E2A8DEA008C46BB /* Debug */,
				4A05C2532E2A8DEA008C46BB /* Release */,
			);
			defaultConfigurationIsVisible = 0;
			defaultConfigurationName = Release;
		};
		4A05C2542E2A8DEA008C46BB /* Build configuration list for PBXNativeTarget "SmartBuy-AITests" */ = {
			isa = XCConfigurationList;
			buildConfigurations = (
				4A05C2552E2A8DEA008C46BB /* Debug */,
				4A05C2562E2A8DEA008C46BB /* Release */,
			);
			defaultConfigurationIsVisible = 0;
			defaultConfigurationName = Release;
		};
		4A05C2572E2A8DEA008C46BB /* Build configuration list for PBXNativeTarget "SmartBuy-AIUITests" */ = {
			isa = XCConfigurationList;
			buildConfigurations = (
				4A05C2582E2A8DEA008C46BB /* Debug */,
				4A05C2592E2A8DEA008C46BB /* Release */,
			);
			defaultConfigurationIsVisible = 0;
			defaultConfigurationName = Release;
		};
/* End XCConfigurationList section */

/* Begin XCLocalSwiftPackageReference section */
		4A152C662EE0BC8B00E36618 /* XCLocalSwiftPackageReference "MockShopAPI" */ = {
			isa = XCLocalSwiftPackageReference;
			relativePath = MockShopAPI;
		};
/* End XCLocalSwiftPackageReference section */

/* Begin XCRemoteSwiftPackageReference section */
		4A152C4F2EE0B84C00E36618 /* XCRemoteSwiftPackageReference "apollo-ios" */ = {
			isa = XCRemoteSwiftPackageReference;
			repositoryURL = "https://github.com/apollographql/apollo-ios.git";
			requirement = {
				kind = exactVersion;
				version = 2.0.3;
			};
		};
		4A775F982E2AC56400650483 /* XCRemoteSwiftPackageReference "swift-composable-architecture" */ = {
			isa = XCRemoteSwiftPackageReference;
			repositoryURL = "https://github.com/pointfreeco/swift-composable-architecture";
			requirement = {
				kind = upToNextMajorVersion;
				minimumVersion = 1.20.2;
			};
		};
/* End XCRemoteSwiftPackageReference section */

/* Begin XCSwiftPackageProductDependency section */
		4A152C502EE0B84C00E36618 /* Apollo */ = {
			isa = XCSwiftPackageProductDependency;
			package = 4A152C4F2EE0B84C00E36618 /* XCRemoteSwiftPackageReference "apollo-ios" */;
			productName = Apollo;
		};
		4A152C672EE0BC8B00E36618 /* MockShopAPI */ = {
			isa = XCSwiftPackageProductDependency;
			productName = MockShopAPI;
		};
		4ACFB6A42E2C0448002F30FF /* ComposableArchitecture */ = {
			isa = XCSwiftPackageProductDependency;
			package = 4A775F982E2AC56400650483 /* XCRemoteSwiftPackageReference "swift-composable-architecture" */;
			productName = ComposableArchitecture;
		};
/* End XCSwiftPackageProductDependency section */
	};
	rootObject = 4A05C2242E2A8DE8008C46BB /* Project object */;
}
